
Microsoft Visual Studio Solution File, Format Version 12.00
# Visual Studio 14
VisualStudioVersion = 14.0.25420.1
MinimumVisualStudioVersion = 10.0.40219.1
Project("{FAE04EC0-301F-11D3-BF4B-00C04F79EFBC}") = "numGrdToLetter", "numGrdToLetter\numGrdToLetter.csproj", "{3A13AD16-A1B6-48BE-B2EE-49DA2D5AB7EB}"
EndProject
Project("{FAE04EC0-301F-11D3-BF4B-00C04F79EFBC}") = "CalcPeri_Area", "..\CalcPeri_Area\Lab1\CalcPeri_Area\CalcPeri_Area.csproj", "{A1175744-6A54-4D26-8AAC-2323D2037D99}"
EndProject
Global
	GlobalSection(SolutionConfigurationPlatforms) = preSolution
		Debug|Any CPU = Debug|Any CPU
		Release|Any CPU = Release|Any CPU
	EndGlobalSection
	GlobalSection(ProjectConfigurationPlatforms) = postSolution
		{3A13AD16-A1B6-48BE-B2EE-49DA2D5AB7EB}.Debug|Any CPU.ActiveCfg = Debug|Any CPU
		{3A13AD16-A1B6-48BE-B2EE-49DA2D5AB7EB}.Debug|Any CPU.Build.0 = Debug|Any CPU
		{3A13AD16-A1B6-48BE-B2EE-49DA2D5AB7EB}.Release|Any CPU.ActiveCfg = Release|Any CPU
		{3A13AD16-A1B6-48BE-B2EE-49DA2D5AB7EB}.Release|Any CPU.Build.0 = Release|Any CPU
		{A1175744-6A54-4D26-8AAC-2323D2037D99}.Debug|Any CPU.ActiveCfg = Debug|Any CPU
		{A1175744-6A54-4D26-8AAC-2323D2037D99}.Debug|Any CPU.Build.0 = Debug|Any CPU
		{A1175744-6A54-4D26-8AAC-2323D2037D99}.Release|Any CPU.ActiveCfg = Release|Any CPU
		{A1175744-6A54-4D26-8AAC-2323D2037D99}.Release|Any CPU.Build.0 = Release|Any CPU
	EndGlobalSection
	GlobalSection(SolutionProperties) = preSolution
		HideSolutionNode = FALSE
	EndGlobalSection
EndGlobal
